
Microsoft Visual Studio Solution File, Format Version 12.00
# Visual Studio Version 17
Project("{8BC9CEB8-8B4A-11D0-8D11-00A0C91BC942}") = "ALL_BUILD", "ALL_BUILD.vcxproj", "{B0F9BAF6-822C-33BA-9843-636DAB334660}"
	ProjectSection(ProjectDependencies) = postProject
		{97E82902-7231-32BA-BE66-204D2D81415E} = {97E82902-7231-32BA-BE66-204D2D81415E}
		{7D025EED-F4D3-3DD0-9DAD-8C944DDEBE8C} = {7D025EED-F4D3-3DD0-9DAD-8C944DDEBE8C}
	EndProjectSection
EndProject
Project("{8BC9CEB8-8B4A-11D0-8D11-00A0C91BC942}") = "ZERO_CHECK", "ZERO_CHECK.vcxproj", "{97E82902-7231-32BA-BE66-204D2D81415E}"
	ProjectSection(ProjectDependencies) = postProject
	EndProjectSection
EndProject
Project("{8BC9CEB8-8B4A-11D0-8D11-00A0C91BC942}") = "telnet_with_cpp_windows", "telnet_with_cpp_windows.vcxproj", "{7D025EED-F4D3-3DD0-9DAD-8C944DDEBE8C}"
	ProjectSection(ProjectDependencies) = postProject
		{97E82902-7231-32BA-BE66-204D2D81415E} = {97E82902-7231-32BA-BE66-204D2D81415E}
	EndProjectSection
EndProject
Global
	GlobalSection(SolutionConfigurationPlatforms) = preSolution
		Debug|x64 = Debug|x64
		Release|x64 = Release|x64
		MinSizeRel|x64 = MinSizeRel|x64
		RelWithDebInfo|x64 = RelWithDebInfo|x64
	EndGlobalSection
	GlobalSection(ProjectConfigurationPlatforms) = postSolution
		{B0F9BAF6-822C-33BA-9843-636DAB334660}.Debug|x64.ActiveCfg = Debug|x64
		{B0F9BAF6-822C-33BA-9843-636DAB334660}.Release|x64.ActiveCfg = Release|x64
		{B0F9BAF6-822C-33BA-9843-636DAB334660}.MinSizeRel|x64.ActiveCfg = MinSizeRel|x64
		{B0F9BAF6-822C-33BA-9843-636DAB334660}.RelWithDebInfo|x64.ActiveCfg = RelWithDebInfo|x64
		{97E82902-7231-32BA-BE66-204D2D81415E}.Debug|x64.ActiveCfg = Debug|x64
		{97E82902-7231-32BA-BE66-204D2D81415E}.Debug|x64.Build.0 = Debug|x64
		{97E82902-7231-32BA-BE66-204D2D81415E}.Release|x64.ActiveCfg = Release|x64
		{97E82902-7231-32BA-BE66-204D2D81415E}.Release|x64.Build.0 = Release|x64
		{97E82902-7231-32BA-BE66-204D2D81415E}.MinSizeRel|x64.ActiveCfg = MinSizeRel|x64
		{97E82902-7231-32BA-BE66-204D2D81415E}.MinSizeRel|x64.Build.0 = MinSizeRel|x64
		{97E82902-7231-32BA-BE66-204D2D81415E}.RelWithDebInfo|x64.ActiveCfg = RelWithDebInfo|x64
		{97E82902-7231-32BA-BE66-204D2D81415E}.RelWithDebInfo|x64.Build.0 = RelWithDebInfo|x64
		{7D025EED-F4D3-3DD0-9DAD-8C944DDEBE8C}.Debug|x64.ActiveCfg = Debug|x64
		{7D025EED-F4D3-3DD0-9DAD-8C944DDEBE8C}.Debug|x64.Build.0 = Debug|x64
		{7D025EED-F4D3-3DD0-9DAD-8C944DDEBE8C}.Release|x64.ActiveCfg = Release|x64
		{7D025EED-F4D3-3DD0-9DAD-8C944DDEBE8C}.Release|x64.Build.0 = Release|x64
		{7D025EED-F4D3-3DD0-9DAD-8C944DDEBE8C}.MinSizeRel|x64.ActiveCfg = MinSizeRel|x64
		{7D025EED-F4D3-3DD0-9DAD-8C944DDEBE8C}.MinSizeRel|x64.Build.0 = MinSizeRel|x64
		{7D025EED-F4D3-3DD0-9DAD-8C944DDEBE8C}.RelWithDebInfo|x64.ActiveCfg = RelWithDebInfo|x64
		{7D025EED-F4D3-3DD0-9DAD-8C944DDEBE8C}.RelWithDebInfo|x64.Build.0 = RelWithDebInfo|x64
	EndGlobalSection
	GlobalSection(ExtensibilityGlobals) = postSolution
		SolutionGuid = {A681BA09-EDDB-3E22-8338-006AD706FF8E}
	EndGlobalSection
	GlobalSection(ExtensibilityAddIns) = postSolution
	EndGlobalSection
EndGlobal
