<?xml version="1.0" encoding="utf-8"?>
<Project ToolsVersion="17.0" xmlns="http://schemas.microsoft.com/developer/msbuild/2003">
  <ItemGroup>
    <CustomBuild Include="C:\Users\rco\Documents\MyProjects\CustomWebBrowser\browser_with_cpp\CMakeFiles\4dbbf44f6825e32b5059bbc4ebe64797\generate.stamp.rule">
      <Filter>CMake Rules</Filter>
    </CustomBuild>
  </ItemGroup>
  <ItemGroup>
    <Filter Include="CMake Rules">
      <UniqueIdentifier>{B9D1C965-66A2-35CD-AB0E-DF7A55865CFF}</UniqueIdentifier>
    </Filter>
  </ItemGroup>
</Project>
